
Microsoft Visual Studio Solution File, Format Version 12.00
# Visual Studio Version 17
VisualStudioVersion = 17.7.34202.233
MinimumVisualStudioVersion = 10.0.40219.1
Project("{FAE04EC0-301F-11D3-BF4B-00C04F79EFBC}") = "FLAPPY BİRD", "FLAPPY BİRD\FLAPPY BİRD.csproj", "{26406FCC-1788-49C2-9C5E-D8A7DD159F8E}"
EndProject
Global
	GlobalSection(SolutionConfigurationPlatforms) = preSolution
		Debug|Any CPU = Debug|Any CPU
		Release|Any CPU = Release|Any CPU
	EndGlobalSection
	GlobalSection(ProjectConfigurationPlatforms) = postSolution
		{26406FCC-1788-49C2-9C5E-D8A7DD159F8E}.Debug|Any CPU.ActiveCfg = Debug|Any CPU
		{26406FCC-1788-49C2-9C5E-D8A7DD159F8E}.Debug|Any CPU.Build.0 = Debug|Any CPU
		{26406FCC-1788-49C2-9C5E-D8A7DD159F8E}.Release|Any CPU.ActiveCfg = Release|Any CPU
		{26406FCC-1788-49C2-9C5E-D8A7DD159F8E}.Release|Any CPU.Build.0 = Release|Any CPU
	EndGlobalSection
	GlobalSection(SolutionProperties) = preSolution
		HideSolutionNode = FALSE
	EndGlobalSection
	GlobalSection(ExtensibilityGlobals) = postSolution
		SolutionGuid = {A71279E5-7B6A-4E57-A5BB-252265F68B73}
	EndGlobalSection
EndGlobal
